
Microsoft Visual Studio Solution File, Format Version 12.00
# Visual Studio 14
VisualStudioVersion = 14.0.25123.0
MinimumVisualStudioVersion = 10.0.40219.1
Project("{FAE04EC0-301F-11D3-BF4B-00C04F79EFBC}") = "CentralizedServer", "CentralizedServer\CentralizedServer.csproj", "{C6D3A507-5E05-4D18-81AF-DFA22B906C27}"
EndProject
Project("{FAE04EC0-301F-11D3-BF4B-00C04F79EFBC}") = "Authentication", "..\..\Common\Authentication\Authentication\Authentication.csproj", "{6F4595FE-9621-4CC6-89E0-424DA863EDC6}"
EndProject
Global
	GlobalSection(SolutionConfigurationPlatforms) = preSolution
		Debug|Any CPU = Debug|Any CPU
		Release|Any CPU = Release|Any CPU
	EndGlobalSection
	GlobalSection(ProjectConfigurationPlatforms) = postSolution
		{C6D3A507-5E05-4D18-81AF-DFA22B906C27}.Debug|Any CPU.ActiveCfg = Debug|Any CPU
		{C6D3A507-5E05-4D18-81AF-DFA22B906C27}.Debug|Any CPU.Build.0 = Debug|Any CPU
		{C6D3A507-5E05-4D18-81AF-DFA22B906C27}.Release|Any CPU.ActiveCfg = Release|Any CPU
		{C6D3A507-5E05-4D18-81AF-DFA22B906C27}.Release|Any CPU.Build.0 = Release|Any CPU
		{6F4595FE-9621-4CC6-89E0-424DA863EDC6}.Debug|Any CPU.ActiveCfg = Debug|Any CPU
		{6F4595FE-9621-4CC6-89E0-424DA863EDC6}.Debug|Any CPU.Build.0 = Debug|Any CPU
		{6F4595FE-9621-4CC6-89E0-424DA863EDC6}.Release|Any CPU.ActiveCfg = Release|Any CPU
		{6F4595FE-9621-4CC6-89E0-424DA863EDC6}.Release|Any CPU.Build.0 = Release|Any CPU
	EndGlobalSection
	GlobalSection(SolutionProperties) = preSolution
		HideSolutionNode = FALSE
	EndGlobalSection
EndGlobal
